
Microsoft Visual Studio Solution File, Format Version 12.00
# Visual Studio 15
VisualStudioVersion = 15.0.28010.2016
MinimumVisualStudioVersion = 10.0.40219.1
Project("{FAE04EC0-301F-11D3-BF4B-00C04F79EFBC}") = "Team32_Project", "Team32_Project\Team32_Project.csproj", "{86EC7087-6BCF-4D00-A90D-7E49DF1B9226}"
EndProject
Global
	GlobalSection(SolutionConfigurationPlatforms) = preSolution
		Debug|Any CPU = Debug|Any CPU
		Release|Any CPU = Release|Any CPU
	EndGlobalSection
	GlobalSection(ProjectConfigurationPlatforms) = postSolution
		{86EC7087-6BCF-4D00-A90D-7E49DF1B9226}.Debug|Any CPU.ActiveCfg = Debug|Any CPU
		{86EC7087-6BCF-4D00-A90D-7E49DF1B9226}.Debug|Any CPU.Build.0 = Debug|Any CPU
		{86EC7087-6BCF-4D00-A90D-7E49DF1B9226}.Release|Any CPU.ActiveCfg = Release|Any CPU
		{86EC7087-6BCF-4D00-A90D-7E49DF1B9226}.Release|Any CPU.Build.0 = Release|Any CPU
	EndGlobalSection
	GlobalSection(SolutionProperties) = preSolution
		HideSolutionNode = FALSE
	EndGlobalSection
	GlobalSection(ExtensibilityGlobals) = postSolution
		SolutionGuid = {776AA7DE-1DCD-47FA-9B30-66DD9D1EA5A9}
	EndGlobalSection
EndGlobal
